
Microsoft Visual Studio Solution File, Format Version 12.00
# Visual Studio Version 17
VisualStudioVersion = 17.12.35209.166
MinimumVisualStudioVersion = 10.0.40219.1
Project("{FAE04EC0-301F-11D3-BF4B-00C04F79EFBC}") = "Blazor.IndexedDB.ESM.Server", "Blazor.IndexedDB.ESM.Server.csproj", "{5ABE4996-BAC0-4CB0-8595-35C0EA5647BC}"
EndProject
Global
	GlobalSection(SolutionConfigurationPlatforms) = preSolution
		Debug|Any CPU = Debug|Any CPU
		Release|Any CPU = Release|Any CPU
	EndGlobalSection
	GlobalSection(ProjectConfigurationPlatforms) = postSolution
		{5ABE4996-BAC0-4CB0-8595-35C0EA5647BC}.Debug|Any CPU.ActiveCfg = Debug|Any CPU
		{5ABE4996-BAC0-4CB0-8595-35C0EA5647BC}.Debug|Any CPU.Build.0 = Debug|Any CPU
		{5ABE4996-BAC0-4CB0-8595-35C0EA5647BC}.Release|Any CPU.ActiveCfg = Release|Any CPU
		{5ABE4996-BAC0-4CB0-8595-35C0EA5647BC}.Release|Any CPU.Build.0 = Release|Any CPU
	EndGlobalSection
	GlobalSection(SolutionProperties) = preSolution
		HideSolutionNode = FALSE
	EndGlobalSection
	GlobalSection(ExtensibilityGlobals) = postSolution
		SolutionGuid = {4AEEC311-5BF6-42A7-A1C1-2D30B3393821}
	EndGlobalSection
EndGlobal
